
Microsoft Visual Studio Solution File, Format Version 12.00
# Visual Studio Version 17
VisualStudioVersion = 17.4.33205.214
MinimumVisualStudioVersion = 10.0.40219.1
Project("{FAE04EC0-301F-11D3-BF4B-00C04F79EFBC}") = "FirebrigadeSim", "FirebrigadeSim.csproj", "{191DCC6E-B9EB-4F61-B9D3-65A565C56FF2}"
EndProject
Global
	GlobalSection(SolutionConfigurationPlatforms) = preSolution
		Debug|Any CPU = Debug|Any CPU
		Release|Any CPU = Release|Any CPU
	EndGlobalSection
	GlobalSection(ProjectConfigurationPlatforms) = postSolution
		{191DCC6E-B9EB-4F61-B9D3-65A565C56FF2}.Debug|Any CPU.ActiveCfg = Debug|Any CPU
		{191DCC6E-B9EB-4F61-B9D3-65A565C56FF2}.Debug|Any CPU.Build.0 = Debug|Any CPU
		{191DCC6E-B9EB-4F61-B9D3-65A565C56FF2}.Release|Any CPU.ActiveCfg = Release|Any CPU
		{191DCC6E-B9EB-4F61-B9D3-65A565C56FF2}.Release|Any CPU.Build.0 = Release|Any CPU
	EndGlobalSection
	GlobalSection(SolutionProperties) = preSolution
		HideSolutionNode = FALSE
	EndGlobalSection
	GlobalSection(ExtensibilityGlobals) = postSolution
		SolutionGuid = {A2C6D096-A45F-4330-BB3F-2E7ECD60C9D9}
	EndGlobalSection
EndGlobal
